
Microsoft Visual Studio Solution File, Format Version 12.00
# Visual Studio Version 17
VisualStudioVersion = 17.5.33502.453
MinimumVisualStudioVersion = 10.0.40219.1
Project("{FAE04EC0-301F-11D3-BF4B-00C04F79EFBC}") = "BigBangAssesmemtTwo", "BigBangAssesmemtTwo\BigBangAssesmemtTwo.csproj", "{EDC5428E-E417-4237-8640-66EA947DBAD6}"
EndProject
Global
	GlobalSection(SolutionConfigurationPlatforms) = preSolution
		Debug|Any CPU = Debug|Any CPU
		Release|Any CPU = Release|Any CPU
	EndGlobalSection
	GlobalSection(ProjectConfigurationPlatforms) = postSolution
		{EDC5428E-E417-4237-8640-66EA947DBAD6}.Debug|Any CPU.ActiveCfg = Debug|Any CPU
		{EDC5428E-E417-4237-8640-66EA947DBAD6}.Debug|Any CPU.Build.0 = Debug|Any CPU
		{EDC5428E-E417-4237-8640-66EA947DBAD6}.Release|Any CPU.ActiveCfg = Release|Any CPU
		{EDC5428E-E417-4237-8640-66EA947DBAD6}.Release|Any CPU.Build.0 = Release|Any CPU
	EndGlobalSection
	GlobalSection(SolutionProperties) = preSolution
		HideSolutionNode = FALSE
	EndGlobalSection
	GlobalSection(ExtensibilityGlobals) = postSolution
		SolutionGuid = {D3E28790-25B0-49C9-8E65-7FBC245E908E}
	EndGlobalSection
EndGlobal
